
Microsoft Visual Studio Solution File, Format Version 12.00
# Visual Studio Version 16
VisualStudioVersion = 16.0.32106.194
MinimumVisualStudioVersion = 10.0.40219.1
Project("{FAE04EC0-301F-11D3-BF4B-00C04F79EFBC}") = "TheAutoMan", "TheAutoMan\TheAutoMan.csproj", "{E1F7F589-5E7C-4A5A-961B-5A603825E0AB}"
EndProject
Global
	GlobalSection(SolutionConfigurationPlatforms) = preSolution
		Debug|Any CPU = Debug|Any CPU
		Release|Any CPU = Release|Any CPU
	EndGlobalSection
	GlobalSection(ProjectConfigurationPlatforms) = postSolution
		{E1F7F589-5E7C-4A5A-961B-5A603825E0AB}.Debug|Any CPU.ActiveCfg = Debug|Any CPU
		{E1F7F589-5E7C-4A5A-961B-5A603825E0AB}.Debug|Any CPU.Build.0 = Debug|Any CPU
		{E1F7F589-5E7C-4A5A-961B-5A603825E0AB}.Release|Any CPU.ActiveCfg = Release|Any CPU
		{E1F7F589-5E7C-4A5A-961B-5A603825E0AB}.Release|Any CPU.Build.0 = Release|Any CPU
	EndGlobalSection
	GlobalSection(SolutionProperties) = preSolution
		HideSolutionNode = FALSE
	EndGlobalSection
	GlobalSection(ExtensibilityGlobals) = postSolution
		SolutionGuid = {6B170561-0B71-4410-B664-15DB75E588F7}
	EndGlobalSection
EndGlobal
